
Microsoft Visual Studio Solution File, Format Version 12.00
# Visual Studio Version 17
VisualStudioVersion = 17.1.32228.430
MinimumVisualStudioVersion = 10.0.40219.1
Project("{FAE04EC0-301F-11D3-BF4B-00C04F79EFBC}") = "EFCoreRelationships", "EFCoreRelationships\EFCoreRelationships.csproj", "{0DCF8102-4277-4F79-B92A-660F25C0CC7C}"
EndProject
Global
	GlobalSection(SolutionConfigurationPlatforms) = preSolution
		Debug|Any CPU = Debug|Any CPU
		Release|Any CPU = Release|Any CPU
	EndGlobalSection
	GlobalSection(ProjectConfigurationPlatforms) = postSolution
		{0DCF8102-4277-4F79-B92A-660F25C0CC7C}.Debug|Any CPU.ActiveCfg = Debug|Any CPU
		{0DCF8102-4277-4F79-B92A-660F25C0CC7C}.Debug|Any CPU.Build.0 = Debug|Any CPU
		{0DCF8102-4277-4F79-B92A-660F25C0CC7C}.Release|Any CPU.ActiveCfg = Release|Any CPU
		{0DCF8102-4277-4F79-B92A-660F25C0CC7C}.Release|Any CPU.Build.0 = Release|Any CPU
	EndGlobalSection
	GlobalSection(SolutionProperties) = preSolution
		HideSolutionNode = FALSE
	EndGlobalSection
	GlobalSection(ExtensibilityGlobals) = postSolution
		SolutionGuid = {2550764C-17D3-4714-B3A6-57F95AC3B396}
	EndGlobalSection
EndGlobal
